
Microsoft Visual Studio Solution File, Format Version 11.00
# Visual Studio 2010
Project("{FAE04EC0-301F-11D3-BF4B-00C04F79EFBC}") = "UnityEngine.UI", "UnityEngine.UI.csproj", "{D12785FF-8A00-9AD4-39FF-8369ADE6A345}"
EndProject
Project("{FAE04EC0-301F-11D3-BF4B-00C04F79EFBC}") = "Unity.ProBuilder", "Unity.ProBuilder.csproj", "{FCE63383-58C6-B4C6-8B06-B6C6E2F95907}"
EndProject
Project("{FAE04EC0-301F-11D3-BF4B-00C04F79EFBC}") = "UnityEngine.TestRunner", "UnityEngine.TestRunner.csproj", "{7F5633AA-FF44-497D-9629-F9A7DB2F14FB}"
EndProject
Project("{FAE04EC0-301F-11D3-BF4B-00C04F79EFBC}") = "Unity.Postprocessing.Runtime", "Unity.Postprocessing.Runtime.csproj", "{486F470A-DF08-F37E-EB46-FC5073DA7D90}"
EndProject
Project("{FAE04EC0-301F-11D3-BF4B-00C04F79EFBC}") = "Assembly-CSharp", "Assembly-CSharp.csproj", "{C3DA89E1-70C6-7D6C-993E-C8F831D35880}"
EndProject
Project("{FAE04EC0-301F-11D3-BF4B-00C04F79EFBC}") = "KartGame", "KartGame.csproj", "{00E56C61-330C-3DFB-1F25-48D937CC64A2}"
EndProject
Project("{FAE04EC0-301F-11D3-BF4B-00C04F79EFBC}") = "Barracuda", "Barracuda.csproj", "{BC31DA57-27A7-23C1-FB12-34260030C49B}"
EndProject
Project("{FAE04EC0-301F-11D3-BF4B-00C04F79EFBC}") = "com.unity.multiplayer-hlapi.Runtime", "com.unity.multiplayer-hlapi.Runtime.csproj", "{3182EC3B-A9BD-6ED3-D7C4-066D935EFF04}"
EndProject
Project("{FAE04EC0-301F-11D3-BF4B-00C04F79EFBC}") = "Unity.TextMeshPro", "Unity.TextMeshPro.csproj", "{0EC6B5F2-0218-AE7B-3C70-1901B4B53FF9}"
EndProject
Project("{FAE04EC0-301F-11D3-BF4B-00C04F79EFBC}") = "Unity.Timeline", "Unity.Timeline.csproj", "{861CC0B2-AF28-0EC1-C899-D2E54499BD64}"
EndProject
Project("{FAE04EC0-301F-11D3-BF4B-00C04F79EFBC}") = "Cinemachine", "Cinemachine.csproj", "{C55B17DD-8568-9069-F6CC-8CD3187BC820}"
EndProject
Project("{FAE04EC0-301F-11D3-BF4B-00C04F79EFBC}") = "Unity.Mathematics", "Unity.Mathematics.csproj", "{951B003F-B01E-6E30-EF3D-689334507645}"
EndProject
Project("{FAE04EC0-301F-11D3-BF4B-00C04F79EFBC}") = "UnityEngine.Advertisements", "UnityEngine.Advertisements.csproj", "{E96FF233-14D2-3D64-E8BA-B69DEB00B957}"
EndProject
Project("{FAE04EC0-301F-11D3-BF4B-00C04F79EFBC}") = "Unity.ProBuilder.Poly2Tri", "Unity.ProBuilder.Poly2Tri.csproj", "{6226DEDA-FB4B-16DB-B3A3-DA6813CE7FF4}"
EndProject
Project("{FAE04EC0-301F-11D3-BF4B-00C04F79EFBC}") = "Unity.Analytics.DataPrivacy", "Unity.Analytics.DataPrivacy.csproj", "{64C14566-7421-D174-F543-B562D1E34B13}"
EndProject
Project("{FAE04EC0-301F-11D3-BF4B-00C04F79EFBC}") = "MLAgentsToolKit", "MLAgentsToolKit.csproj", "{CC17C02A-DBE0-00EE-4240-4DCD0F7A94BA}"
EndProject
Project("{FAE04EC0-301F-11D3-BF4B-00C04F79EFBC}") = "Unity.ProBuilder.KdTree", "Unity.ProBuilder.KdTree.csproj", "{9FE93F95-2F29-CDD1-270E-9784BDE6D6B6}"
EndProject
Project("{FAE04EC0-301F-11D3-BF4B-00C04F79EFBC}") = "UnityEngine.Monetization", "UnityEngine.Monetization.csproj", "{054B1211-9FB5-DA59-7AF4-0B3161816AC4}"
EndProject
Project("{FAE04EC0-301F-11D3-BF4B-00C04F79EFBC}") = "UnityEngine.XR.LegacyInputHelpers", "UnityEngine.XR.LegacyInputHelpers.csproj", "{B4E943BE-6057-F94A-DD37-F4057A9A97E1}"
EndProject
Project("{FAE04EC0-301F-11D3-BF4B-00C04F79EFBC}") = "Unity.InteractiveTutorials.Core.Scripts", "Unity.InteractiveTutorials.Core.Scripts.csproj", "{20146114-9BD0-9968-7DDB-11506AB5A487}"
EndProject
Project("{FAE04EC0-301F-11D3-BF4B-00C04F79EFBC}") = "Unity.ProBuilder.Stl", "Unity.ProBuilder.Stl.csproj", "{C3750DAF-3502-3F02-3FBC-2FE7F994296A}"
EndProject
Project("{FAE04EC0-301F-11D3-BF4B-00C04F79EFBC}") = "Unity.Burst", "Unity.Burst.csproj", "{4D984241-FC5A-A428-ACCE-8F85B68BF8AA}"
EndProject
Project("{FAE04EC0-301F-11D3-BF4B-00C04F79EFBC}") = "UnityEngine.SpatialTracking", "UnityEngine.SpatialTracking.csproj", "{FC22DB3E-839E-EED1-129D-56182736B8BF}"
EndProject
Project("{FAE04EC0-301F-11D3-BF4B-00C04F79EFBC}") = "KartGame.AI", "KartGame.AI.csproj", "{8EB73282-65E4-4223-1A54-57B4D842F8BC}"
EndProject
Project("{FAE04EC0-301F-11D3-BF4B-00C04F79EFBC}") = "MacBLAS", "MacBLAS.csproj", "{6D82A78F-476A-092D-3CFD-CF759CF7375F}"
EndProject
Project("{FAE04EC0-301F-11D3-BF4B-00C04F79EFBC}") = "BurstBLAS", "BurstBLAS.csproj", "{E61EF84E-F7C8-0FEB-8816-CD659A27761D}"
EndProject
Project("{FAE04EC0-301F-11D3-BF4B-00C04F79EFBC}") = "iOSBLAS", "iOSBLAS.csproj", "{F97E1EA9-D02B-F437-BC69-D13D0865B130}"
EndProject
Project("{FAE04EC0-301F-11D3-BF4B-00C04F79EFBC}") = "Unity.ProBuilder.Editor", "Unity.ProBuilder.Editor.csproj", "{7F4EF5B2-5BFE-73E0-CA77-89336E2ED515}"
EndProject
Project("{FAE04EC0-301F-11D3-BF4B-00C04F79EFBC}") = "Unity.TextMeshPro.Editor", "Unity.TextMeshPro.Editor.csproj", "{92E88714-228E-A768-FFBA-96E0A1E94272}"
EndProject
Project("{FAE04EC0-301F-11D3-BF4B-00C04F79EFBC}") = "Unity.Timeline.Editor", "Unity.Timeline.Editor.csproj", "{683DBE06-29B1-F210-6DE5-04FE67ADC101}"
EndProject
Project("{FAE04EC0-301F-11D3-BF4B-00C04F79EFBC}") = "Unity.InteractiveTutorials.Core", "Unity.InteractiveTutorials.Core.csproj", "{B58B3046-4FAC-76E6-4022-1E192664C4B8}"
EndProject
Project("{FAE04EC0-301F-11D3-BF4B-00C04F79EFBC}") = "UnityEditor.TestRunner", "UnityEditor.TestRunner.csproj", "{00FA63EE-66F3-34A4-D434-A87722E49AF8}"
EndProject
Project("{FAE04EC0-301F-11D3-BF4B-00C04F79EFBC}") = "Unity.Settings.Editor", "Unity.Settings.Editor.csproj", "{BDDA8E7D-6B62-FBF2-2437-C8A78D5528A4}"
EndProject
Project("{FAE04EC0-301F-11D3-BF4B-00C04F79EFBC}") = "Unity.2D.Sprite.Editor", "Unity.2D.Sprite.Editor.csproj", "{BC542F9C-B16F-CA78-4F17-6404F842D8E3}"
EndProject
Project("{FAE04EC0-301F-11D3-BF4B-00C04F79EFBC}") = "com.unity.cinemachine.editor", "com.unity.cinemachine.editor.csproj", "{5EA91654-6BE7-01D2-2D40-4D58C485F11C}"
EndProject
Project("{FAE04EC0-301F-11D3-BF4B-00C04F79EFBC}") = "com.unity.multiplayer-hlapi.Editor", "com.unity.multiplayer-hlapi.Editor.csproj", "{135E931F-1AE5-1E3A-F615-8CB3129276E3}"
EndProject
Project("{FAE04EC0-301F-11D3-BF4B-00C04F79EFBC}") = "UnityEditor.UI", "UnityEditor.UI.csproj", "{B4DF9CC6-34E2-9228-09E0-F3BD60E5C932}"
EndProject
Project("{FAE04EC0-301F-11D3-BF4B-00C04F79EFBC}") = "MLAgentsToolKit.Editor", "MLAgentsToolKit.Editor.csproj", "{FC83043E-470A-D240-A039-87336B58B2C4}"
EndProject
Project("{FAE04EC0-301F-11D3-BF4B-00C04F79EFBC}") = "KartGame.Editor", "KartGame.Editor.csproj", "{2AD72057-A047-CE10-4F03-B7738DFADE00}"
EndProject
Project("{FAE04EC0-301F-11D3-BF4B-00C04F79EFBC}") = "UnityEditor.InteractiveTutorialsFramework", "UnityEditor.InteractiveTutorialsFramework.csproj", "{4400401F-BD4B-39FC-40E3-311337C0FE99}"
EndProject
Project("{FAE04EC0-301F-11D3-BF4B-00C04F79EFBC}") = "Unity.Rider.Editor", "Unity.Rider.Editor.csproj", "{016DE70D-B5E2-436B-634D-7958D0D10654}"
EndProject
Project("{FAE04EC0-301F-11D3-BF4B-00C04F79EFBC}") = "Unity.2D.Tilemap.Editor", "Unity.2D.Tilemap.Editor.csproj", "{AEAB26C2-951F-2447-989A-874BAA5557C3}"
EndProject
Project("{FAE04EC0-301F-11D3-BF4B-00C04F79EFBC}") = "UnityEditor.XR.LegacyInputHelpers", "UnityEditor.XR.LegacyInputHelpers.csproj", "{34E639A3-5F77-3CD9-9364-AB10089FD80D}"
EndProject
Project("{FAE04EC0-301F-11D3-BF4B-00C04F79EFBC}") = "Barracuda-editor", "Barracuda-editor.csproj", "{D963D88E-AA79-DCC1-4735-AB997FA128B7}"
EndProject
Project("{FAE04EC0-301F-11D3-BF4B-00C04F79EFBC}") = "Unity.Postprocessing.Editor", "Unity.Postprocessing.Editor.csproj", "{6F631281-A35B-08E1-AFBA-A5C0BDDAA268}"
EndProject
Project("{FAE04EC0-301F-11D3-BF4B-00C04F79EFBC}") = "Unity.CollabProxy.Editor", "Unity.CollabProxy.Editor.csproj", "{86635F17-2FD8-8C4F-AFCF-65A2EF741D0E}"
EndProject
Project("{FAE04EC0-301F-11D3-BF4B-00C04F79EFBC}") = "Unity.EditorCoroutines.Editor", "Unity.EditorCoroutines.Editor.csproj", "{5D31BF01-80FE-F654-112F-AA4594C17265}"
EndProject
Project("{FAE04EC0-301F-11D3-BF4B-00C04F79EFBC}") = "Unity.ProBuilder.AssetIdRemapUtility", "Unity.ProBuilder.AssetIdRemapUtility.csproj", "{160F36AF-7E5A-9C3D-4DDA-D4C76EB991F6}"
EndProject
Project("{FAE04EC0-301F-11D3-BF4B-00C04F79EFBC}") = "Unity.Connect.Share.Editor", "Unity.Connect.Share.Editor.csproj", "{A5739B21-F538-131B-AB5D-FA4B9441E1CF}"
EndProject
Project("{FAE04EC0-301F-11D3-BF4B-00C04F79EFBC}") = "com.unity.multiplayer-weaver.Editor", "com.unity.multiplayer-weaver.Editor.csproj", "{B3248692-BCEA-A02D-9749-1465B6198C95}"
EndProject
Project("{FAE04EC0-301F-11D3-BF4B-00C04F79EFBC}") = "Unity.VSCode.Editor", "Unity.VSCode.Editor.csproj", "{C1B9863B-B2A8-6A84-855C-CB82904FAD06}"
EndProject
Project("{FAE04EC0-301F-11D3-BF4B-00C04F79EFBC}") = "Unity.Burst.Editor", "Unity.Burst.Editor.csproj", "{A173DBD0-D761-6CA1-4B5F-85C28DE73AF5}"
EndProject
Project("{FAE04EC0-301F-11D3-BF4B-00C04F79EFBC}") = "Unity.Mathematics.Editor", "Unity.Mathematics.Editor.csproj", "{60BDDB41-60EF-7B5B-2808-8CDCEF8865CD}"
EndProject
Project("{FAE04EC0-301F-11D3-BF4B-00C04F79EFBC}") = "Unity.InternalAPIEditorBridgeDev.001", "Unity.InternalAPIEditorBridgeDev.001.csproj", "{8E9CC5D6-B460-4312-DF50-9B728074EF29}"
EndProject
Project("{FAE04EC0-301F-11D3-BF4B-00C04F79EFBC}") = "UnityEditor.SpatialTracking", "UnityEditor.SpatialTracking.csproj", "{1DB9D5CB-DA5C-CCEB-5DB5-4B39E30AAA1C}"
EndProject
Project("{FAE04EC0-301F-11D3-BF4B-00C04F79EFBC}") = "Assembly-CSharp-Editor", "Assembly-CSharp-Editor.csproj", "{33C3DCDC-76CB-1FCD-751B-4E7E18D0E2DF}"
EndProject
Project("{FAE04EC0-301F-11D3-BF4B-00C04F79EFBC}") = "Unity.ProBuilder.AddOns.Editor", "Unity.ProBuilder.AddOns.Editor.csproj", "{4E98ACEC-72A5-6666-AA4C-CF2364E4FB7D}"
EndProject
Project("{FAE04EC0-301F-11D3-BF4B-00C04F79EFBC}") = "KartGame.AI.Editor", "KartGame.AI.Editor.csproj", "{C42A7444-F403-FF38-F234-10BDFF26ED7B}"
EndProject
Global
	GlobalSection(SolutionConfigurationPlatforms) = preSolution
		Debug|Any CPU = Debug|Any CPU
		Release|Any CPU = Release|Any CPU
	EndGlobalSection
	GlobalSection(ProjectConfigurationPlatforms) = postSolution
		{D12785FF-8A00-9AD4-39FF-8369ADE6A345}.Debug|Any CPU.ActiveCfg = Debug|Any CPU
		{D12785FF-8A00-9AD4-39FF-8369ADE6A345}.Debug|Any CPU.Build.0 = Debug|Any CPU
		{D12785FF-8A00-9AD4-39FF-8369ADE6A345}.Release|Any CPU.ActiveCfg = Release|Any CPU
		{D12785FF-8A00-9AD4-39FF-8369ADE6A345}.Release|Any CPU.Build.0 = Release|Any CPU
		{FCE63383-58C6-B4C6-8B06-B6C6E2F95907}.Debug|Any CPU.ActiveCfg = Debug|Any CPU
		{FCE63383-58C6-B4C6-8B06-B6C6E2F95907}.Debug|Any CPU.Build.0 = Debug|Any CPU
		{FCE63383-58C6-B4C6-8B06-B6C6E2F95907}.Release|Any CPU.ActiveCfg = Release|Any CPU
		{FCE63383-58C6-B4C6-8B06-B6C6E2F95907}.Release|Any CPU.Build.0 = Release|Any CPU
		{7F5633AA-FF44-497D-9629-F9A7DB2F14FB}.Debug|Any CPU.ActiveCfg = Debug|Any CPU
		{7F5633AA-FF44-497D-9629-F9A7DB2F14FB}.Debug|Any CPU.Build.0 = Debug|Any CPU
		{7F5633AA-FF44-497D-9629-F9A7DB2F14FB}.Release|Any CPU.ActiveCfg = Release|Any CPU
		{7F5633AA-FF44-497D-9629-F9A7DB2F14FB}.Release|Any CPU.Build.0 = Release|Any CPU
		{486F470A-DF08-F37E-EB46-FC5073DA7D90}.Debug|Any CPU.ActiveCfg = Debug|Any CPU
		{486F470A-DF08-F37E-EB46-FC5073DA7D90}.Debug|Any CPU.Build.0 = Debug|Any CPU
		{486F470A-DF08-F37E-EB46-FC5073DA7D90}.Release|Any CPU.ActiveCfg = Release|Any CPU
		{486F470A-DF08-F37E-EB46-FC5073DA7D90}.Release|Any CPU.Build.0 = Release|Any CPU
		{C3DA89E1-70C6-7D6C-993E-C8F831D35880}.Debug|Any CPU.ActiveCfg = Debug|Any CPU
		{C3DA89E1-70C6-7D6C-993E-C8F831D35880}.Debug|Any CPU.Build.0 = Debug|Any CPU
		{C3DA89E1-70C6-7D6C-993E-C8F831D35880}.Release|Any CPU.ActiveCfg = Release|Any CPU
		{C3DA89E1-70C6-7D6C-993E-C8F831D35880}.Release|Any CPU.Build.0 = Release|Any CPU
		{00E56C61-330C-3DFB-1F25-48D937CC64A2}.Debug|Any CPU.ActiveCfg = Debug|Any CPU
		{00E56C61-330C-3DFB-1F25-48D937CC64A2}.Debug|Any CPU.Build.0 = Debug|Any CPU
		{00E56C61-330C-3DFB-1F25-48D937CC64A2}.Release|Any CPU.ActiveCfg = Release|Any CPU
		{00E56C61-330C-3DFB-1F25-48D937CC64A2}.Release|Any CPU.Build.0 = Release|Any CPU
		{BC31DA57-27A7-23C1-FB12-34260030C49B}.Debug|Any CPU.ActiveCfg = Debug|Any CPU
		{BC31DA57-27A7-23C1-FB12-34260030C49B}.Debug|Any CPU.Build.0 = Debug|Any CPU
		{BC31DA57-27A7-23C1-FB12-34260030C49B}.Release|Any CPU.ActiveCfg = Release|Any CPU
		{BC31DA57-27A7-23C1-FB12-34260030C49B}.Release|Any CPU.Build.0 = Release|Any CPU
		{3182EC3B-A9BD-6ED3-D7C4-066D935EFF04}.Debug|Any CPU.ActiveCfg = Debug|Any CPU
		{3182EC3B-A9BD-6ED3-D7C4-066D935EFF04}.Debug|Any CPU.Build.0 = Debug|Any CPU
		{3182EC3B-A9BD-6ED3-D7C4-066D935EFF04}.Release|Any CPU.ActiveCfg = Release|Any CPU
		{3182EC3B-A9BD-6ED3-D7C4-066D935EFF04}.Release|Any CPU.Build.0 = Release|Any CPU
		{0EC6B5F2-0218-AE7B-3C70-1901B4B53FF9}.Debug|Any CPU.ActiveCfg = Debug|Any CPU
		{0EC6B5F2-0218-AE7B-3C70-1901B4B53FF9}.Debug|Any CPU.Build.0 = Debug|Any CPU
		{0EC6B5F2-0218-AE7B-3C70-1901B4B53FF9}.Release|Any CPU.ActiveCfg = Release|Any CPU
		{0EC6B5F2-0218-AE7B-3C70-1901B4B53FF9}.Release|Any CPU.Build.0 = Release|Any CPU
		{861CC0B2-AF28-0EC1-C899-D2E54499BD64}.Debug|Any CPU.ActiveCfg = Debug|Any CPU
		{861CC0B2-AF28-0EC1-C899-D2E54499BD64}.Debug|Any CPU.Build.0 = Debug|Any CPU
		{861CC0B2-AF28-0EC1-C899-D2E54499BD64}.Release|Any CPU.ActiveCfg = Release|Any CPU
		{861CC0B2-AF28-0EC1-C899-D2E54499BD64}.Release|Any CPU.Build.0 = Release|Any CPU
		{C55B17DD-8568-9069-F6CC-8CD3187BC820}.Debug|Any CPU.ActiveCfg = Debug|Any CPU
		{C55B17DD-8568-9069-F6CC-8CD3187BC820}.Debug|Any CPU.Build.0 = Debug|Any CPU
		{C55B17DD-8568-9069-F6CC-8CD3187BC820}.Release|Any CPU.ActiveCfg = Release|Any CPU
		{C55B17DD-8568-9069-F6CC-8CD3187BC820}.Release|Any CPU.Build.0 = Release|Any CPU
		{951B003F-B01E-6E30-EF3D-689334507645}.Debug|Any CPU.ActiveCfg = Debug|Any CPU
		{951B003F-B01E-6E30-EF3D-689334507645}.Debug|Any CPU.Build.0 = Debug|Any CPU
		{951B003F-B01E-6E30-EF3D-689334507645}.Release|Any CPU.ActiveCfg = Release|Any CPU
		{951B003F-B01E-6E30-EF3D-689334507645}.Release|Any CPU.Build.0 = Release|Any CPU
		{E96FF233-14D2-3D64-E8BA-B69DEB00B957}.Debug|Any CPU.ActiveCfg = Debug|Any CPU
		{E96FF233-14D2-3D64-E8BA-B69DEB00B957}.Debug|Any CPU.Build.0 = Debug|Any CPU
		{E96FF233-14D2-3D64-E8BA-B69DEB00B957}.Release|Any CPU.ActiveCfg = Release|Any CPU
		{E96FF233-14D2-3D64-E8BA-B69DEB00B957}.Release|Any CPU.Build.0 = Release|Any CPU
		{6226DEDA-FB4B-16DB-B3A3-DA6813CE7FF4}.Debug|Any CPU.ActiveCfg = Debug|Any CPU
		{6226DEDA-FB4B-16DB-B3A3-DA6813CE7FF4}.Debug|Any CPU.Build.0 = Debug|Any CPU
		{6226DEDA-FB4B-16DB-B3A3-DA6813CE7FF4}.Release|Any CPU.ActiveCfg = Release|Any CPU
		{6226DEDA-FB4B-16DB-B3A3-DA6813CE7FF4}.Release|Any CPU.Build.0 = Release|Any CPU
		{64C14566-7421-D174-F543-B562D1E34B13}.Debug|Any CPU.ActiveCfg = Debug|Any CPU
		{64C14566-7421-D174-F543-B562D1E34B13}.Debug|Any CPU.Build.0 = Debug|Any CPU
		{64C14566-7421-D174-F543-B562D1E34B13}.Release|Any CPU.ActiveCfg = Release|Any CPU
		{64C14566-7421-D174-F543-B562D1E34B13}.Release|Any CPU.Build.0 = Release|Any CPU
		{CC17C02A-DBE0-00EE-4240-4DCD0F7A94BA}.Debug|Any CPU.ActiveCfg = Debug|Any CPU
		{CC17C02A-DBE0-00EE-4240-4DCD0F7A94BA}.Debug|Any CPU.Build.0 = Debug|Any CPU
		{CC17C02A-DBE0-00EE-4240-4DCD0F7A94BA}.Release|Any CPU.ActiveCfg = Release|Any CPU
		{CC17C02A-DBE0-00EE-4240-4DCD0F7A94BA}.Release|Any CPU.Build.0 = Release|Any CPU
		{9FE93F95-2F29-CDD1-270E-9784BDE6D6B6}.Debug|Any CPU.ActiveCfg = Debug|Any CPU
		{9FE93F95-2F29-CDD1-270E-9784BDE6D6B6}.Debug|Any CPU.Build.0 = Debug|Any CPU
		{9FE93F95-2F29-CDD1-270E-9784BDE6D6B6}.Release|Any CPU.ActiveCfg = Release|Any CPU
		{9FE93F95-2F29-CDD1-270E-9784BDE6D6B6}.Release|Any CPU.Build.0 = Release|Any CPU
		{054B1211-9FB5-DA59-7AF4-0B3161816AC4}.Debug|Any CPU.ActiveCfg = Debug|Any CPU
		{054B1211-9FB5-DA59-7AF4-0B3161816AC4}.Debug|Any CPU.Build.0 = Debug|Any CPU
		{054B1211-9FB5-DA59-7AF4-0B3161816AC4}.Release|Any CPU.ActiveCfg = Release|Any CPU
		{054B1211-9FB5-DA59-7AF4-0B3161816AC4}.Release|Any CPU.Build.0 = Release|Any CPU
		{B4E943BE-6057-F94A-DD37-F4057A9A97E1}.Debug|Any CPU.ActiveCfg = Debug|Any CPU
		{B4E943BE-6057-F94A-DD37-F4057A9A97E1}.Debug|Any CPU.Build.0 = Debug|Any CPU
		{B4E943BE-6057-F94A-DD37-F4057A9A97E1}.Release|Any CPU.ActiveCfg = Release|Any CPU
		{B4E943BE-6057-F94A-DD37-F4057A9A97E1}.Release|Any CPU.Build.0 = Release|Any CPU
		{20146114-9BD0-9968-7DDB-11506AB5A487}.Debug|Any CPU.ActiveCfg = Debug|Any CPU
		{20146114-9BD0-9968-7DDB-11506AB5A487}.Debug|Any CPU.Build.0 = Debug|Any CPU
		{20146114-9BD0-9968-7DDB-11506AB5A487}.Release|Any CPU.ActiveCfg = Release|Any CPU
		{20146114-9BD0-9968-7DDB-11506AB5A487}.Release|Any CPU.Build.0 = Release|Any CPU
		{C3750DAF-3502-3F02-3FBC-2FE7F994296A}.Debug|Any CPU.ActiveCfg = Debug|Any CPU
		{C3750DAF-3502-3F02-3FBC-2FE7F994296A}.Debug|Any CPU.Build.0 = Debug|Any CPU
		{C3750DAF-3502-3F02-3FBC-2FE7F994296A}.Release|Any CPU.ActiveCfg = Release|Any CPU
		{C3750DAF-3502-3F02-3FBC-2FE7F994296A}.Release|Any CPU.Build.0 = Release|Any CPU
		{4D984241-FC5A-A428-ACCE-8F85B68BF8AA}.Debug|Any CPU.ActiveCfg = Debug|Any CPU
		{4D984241-FC5A-A428-ACCE-8F85B68BF8AA}.Debug|Any CPU.Build.0 = Debug|Any CPU
		{4D984241-FC5A-A428-ACCE-8F85B68BF8AA}.Release|Any CPU.ActiveCfg = Release|Any CPU
		{4D984241-FC5A-A428-ACCE-8F85B68BF8AA}.Release|Any CPU.Build.0 = Release|Any CPU
		{FC22DB3E-839E-EED1-129D-56182736B8BF}.Debug|Any CPU.ActiveCfg = Debug|Any CPU
		{FC22DB3E-839E-EED1-129D-56182736B8BF}.Debug|Any CPU.Build.0 = Debug|Any CPU
		{FC22DB3E-839E-EED1-129D-56182736B8BF}.Release|Any CPU.ActiveCfg = Release|Any CPU
		{FC22DB3E-839E-EED1-129D-56182736B8BF}.Release|Any CPU.Build.0 = Release|Any CPU
		{8EB73282-65E4-4223-1A54-57B4D842F8BC}.Debug|Any CPU.ActiveCfg = Debug|Any CPU
		{8EB73282-65E4-4223-1A54-57B4D842F8BC}.Debug|Any CPU.Build.0 = Debug|Any CPU
		{8EB73282-65E4-4223-1A54-57B4D842F8BC}.Release|Any CPU.ActiveCfg = Release|Any CPU
		{8EB73282-65E4-4223-1A54-57B4D842F8BC}.Release|Any CPU.Build.0 = Release|Any CPU
		{6D82A78F-476A-092D-3CFD-CF759CF7375F}.Debug|Any CPU.ActiveCfg = Debug|Any CPU
		{6D82A78F-476A-092D-3CFD-CF759CF7375F}.Debug|Any CPU.Build.0 = Debug|Any CPU
		{6D82A78F-476A-092D-3CFD-CF759CF7375F}.Release|Any CPU.ActiveCfg = Release|Any CPU
		{6D82A78F-476A-092D-3CFD-CF759CF7375F}.Release|Any CPU.Build.0 = Release|Any CPU
		{E61EF84E-F7C8-0FEB-8816-CD659A27761D}.Debug|Any CPU.ActiveCfg = Debug|Any CPU
		{E61EF84E-F7C8-0FEB-8816-CD659A27761D}.Debug|Any CPU.Build.0 = Debug|Any CPU
		{E61EF84E-F7C8-0FEB-8816-CD659A27761D}.Release|Any CPU.ActiveCfg = Release|Any CPU
		{E61EF84E-F7C8-0FEB-8816-CD659A27761D}.Release|Any CPU.Build.0 = Release|Any CPU
		{F97E1EA9-D02B-F437-BC69-D13D0865B130}.Debug|Any CPU.ActiveCfg = Debug|Any CPU
		{F97E1EA9-D02B-F437-BC69-D13D0865B130}.Debug|Any CPU.Build.0 = Debug|Any CPU
		{F97E1EA9-D02B-F437-BC69-D13D0865B130}.Release|Any CPU.ActiveCfg = Release|Any CPU
		{F97E1EA9-D02B-F437-BC69-D13D0865B130}.Release|Any CPU.Build.0 = Release|Any CPU
		{7F4EF5B2-5BFE-73E0-CA77-89336E2ED515}.Debug|Any CPU.ActiveCfg = Debug|Any CPU
		{7F4EF5B2-5BFE-73E0-CA77-89336E2ED515}.Debug|Any CPU.Build.0 = Debug|Any CPU
		{7F4EF5B2-5BFE-73E0-CA77-89336E2ED515}.Release|Any CPU.ActiveCfg = Release|Any CPU
		{7F4EF5B2-5BFE-73E0-CA77-89336E2ED515}.Release|Any CPU.Build.0 = Release|Any CPU
		{92E88714-228E-A768-FFBA-96E0A1E94272}.Debug|Any CPU.ActiveCfg = Debug|Any CPU
		{92E88714-228E-A768-FFBA-96E0A1E94272}.Debug|Any CPU.Build.0 = Debug|Any CPU
		{92E88714-228E-A768-FFBA-96E0A1E94272}.Release|Any CPU.ActiveCfg = Release|Any CPU
		{92E88714-228E-A768-FFBA-96E0A1E94272}.Release|Any CPU.Build.0 = Release|Any CPU
		{683DBE06-29B1-F210-6DE5-04FE67ADC101}.Debug|Any CPU.ActiveCfg = Debug|Any CPU
		{683DBE06-29B1-F210-6DE5-04FE67ADC101}.Debug|Any CPU.Build.0 = Debug|Any CPU
		{683DBE06-29B1-F210-6DE5-04FE67ADC101}.Release|Any CPU.ActiveCfg = Release|Any CPU
		{683DBE06-29B1-F210-6DE5-04FE67ADC101}.Release|Any CPU.Build.0 = Release|Any CPU
		{B58B3046-4FAC-76E6-4022-1E192664C4B8}.Debug|Any CPU.ActiveCfg = Debug|Any CPU
		{B58B3046-4FAC-76E6-4022-1E192664C4B8}.Debug|Any CPU.Build.0 = Debug|Any CPU
		{B58B3046-4FAC-76E6-4022-1E192664C4B8}.Release|Any CPU.ActiveCfg = Release|Any CPU
		{B58B3046-4FAC-76E6-4022-1E192664C4B8}.Release|Any CPU.Build.0 = Release|Any CPU
		{00FA63EE-66F3-34A4-D434-A87722E49AF8}.Debug|Any CPU.ActiveCfg = Debug|Any CPU
		{00FA63EE-66F3-34A4-D434-A87722E49AF8}.Debug|Any CPU.Build.0 = Debug|Any CPU
		{00FA63EE-66F3-34A4-D434-A87722E49AF8}.Release|Any CPU.ActiveCfg = Release|Any CPU
		{00FA63EE-66F3-34A4-D434-A87722E49AF8}.Release|Any CPU.Build.0 = Release|Any CPU
		{BDDA8E7D-6B62-FBF2-2437-C8A78D5528A4}.Debug|Any CPU.ActiveCfg = Debug|Any CPU
		{BDDA8E7D-6B62-FBF2-2437-C8A78D5528A4}.Debug|Any CPU.Build.0 = Debug|Any CPU
		{BDDA8E7D-6B62-FBF2-2437-C8A78D5528A4}.Release|Any CPU.ActiveCfg = Release|Any CPU
		{BDDA8E7D-6B62-FBF2-2437-C8A78D5528A4}.Release|Any CPU.Build.0 = Release|Any CPU
		{BC542F9C-B16F-CA78-4F17-6404F842D8E3}.Debug|Any CPU.ActiveCfg = Debug|Any CPU
		{BC542F9C-B16F-CA78-4F17-6404F842D8E3}.Debug|Any CPU.Build.0 = Debug|Any CPU
		{BC542F9C-B16F-CA78-4F17-6404F842D8E3}.Release|Any CPU.ActiveCfg = Release|Any CPU
		{BC542F9C-B16F-CA78-4F17-6404F842D8E3}.Release|Any CPU.Build.0 = Release|Any CPU
		{5EA91654-6BE7-01D2-2D40-4D58C485F11C}.Debug|Any CPU.ActiveCfg = Debug|Any CPU
		{5EA91654-6BE7-01D2-2D40-4D58C485F11C}.Debug|Any CPU.Build.0 = Debug|Any CPU
		{5EA91654-6BE7-01D2-2D40-4D58C485F11C}.Release|Any CPU.ActiveCfg = Release|Any CPU
		{5EA91654-6BE7-01D2-2D40-4D58C485F11C}.Release|Any CPU.Build.0 = Release|Any CPU
		{135E931F-1AE5-1E3A-F615-8CB3129276E3}.Debug|Any CPU.ActiveCfg = Debug|Any CPU
		{135E931F-1AE5-1E3A-F615-8CB3129276E3}.Debug|Any CPU.Build.0 = Debug|Any CPU
		{135E931F-1AE5-1E3A-F615-8CB3129276E3}.Release|Any CPU.ActiveCfg = Release|Any CPU
		{135E931F-1AE5-1E3A-F615-8CB3129276E3}.Release|Any CPU.Build.0 = Release|Any CPU
		{B4DF9CC6-34E2-9228-09E0-F3BD60E5C932}.Debug|Any CPU.ActiveCfg = Debug|Any CPU
		{B4DF9CC6-34E2-9228-09E0-F3BD60E5C932}.Debug|Any CPU.Build.0 = Debug|Any CPU
		{B4DF9CC6-34E2-9228-09E0-F3BD60E5C932}.Release|Any CPU.ActiveCfg = Release|Any CPU
		{B4DF9CC6-34E2-9228-09E0-F3BD60E5C932}.Release|Any CPU.Build.0 = Release|Any CPU
		{FC83043E-470A-D240-A039-87336B58B2C4}.Debug|Any CPU.ActiveCfg = Debug|Any CPU
		{FC83043E-470A-D240-A039-87336B58B2C4}.Debug|Any CPU.Build.0 = Debug|Any CPU
		{FC83043E-470A-D240-A039-87336B58B2C4}.Release|Any CPU.ActiveCfg = Release|Any CPU
		{FC83043E-470A-D240-A039-87336B58B2C4}.Release|Any CPU.Build.0 = Release|Any CPU
		{2AD72057-A047-CE10-4F03-B7738DFADE00}.Debug|Any CPU.ActiveCfg = Debug|Any CPU
		{2AD72057-A047-CE10-4F03-B7738DFADE00}.Debug|Any CPU.Build.0 = Debug|Any CPU
		{2AD72057-A047-CE10-4F03-B7738DFADE00}.Release|Any CPU.ActiveCfg = Release|Any CPU
		{2AD72057-A047-CE10-4F03-B7738DFADE00}.Release|Any CPU.Build.0 = Release|Any CPU
		{4400401F-BD4B-39FC-40E3-311337C0FE99}.Debug|Any CPU.ActiveCfg = Debug|Any CPU
		{4400401F-BD4B-39FC-40E3-311337C0FE99}.Debug|Any CPU.Build.0 = Debug|Any CPU
		{4400401F-BD4B-39FC-40E3-311337C0FE99}.Release|Any CPU.ActiveCfg = Release|Any CPU
		{4400401F-BD4B-39FC-40E3-311337C0FE99}.Release|Any CPU.Build.0 = Release|Any CPU
		{016DE70D-B5E2-436B-634D-7958D0D10654}.Debug|Any CPU.ActiveCfg = Debug|Any CPU
		{016DE70D-B5E2-436B-634D-7958D0D10654}.Debug|Any CPU.Build.0 = Debug|Any CPU
		{016DE70D-B5E2-436B-634D-7958D0D10654}.Release|Any CPU.ActiveCfg = Release|Any CPU
		{016DE70D-B5E2-436B-634D-7958D0D10654}.Release|Any CPU.Build.0 = Release|Any CPU
		{AEAB26C2-951F-2447-989A-874BAA5557C3}.Debug|Any CPU.ActiveCfg = Debug|Any CPU
		{AEAB26C2-951F-2447-989A-874BAA5557C3}.Debug|Any CPU.Build.0 = Debug|Any CPU
		{AEAB26C2-951F-2447-989A-874BAA5557C3}.Release|Any CPU.ActiveCfg = Release|Any CPU
		{AEAB26C2-951F-2447-989A-874BAA5557C3}.Release|Any CPU.Build.0 = Release|Any CPU
		{34E639A3-5F77-3CD9-9364-AB10089FD80D}.Debug|Any CPU.ActiveCfg = Debug|Any CPU
		{34E639A3-5F77-3CD9-9364-AB10089FD80D}.Debug|Any CPU.Build.0 = Debug|Any CPU
		{34E639A3-5F77-3CD9-9364-AB10089FD80D}.Release|Any CPU.ActiveCfg = Release|Any CPU
		{34E639A3-5F77-3CD9-9364-AB10089FD80D}.Release|Any CPU.Build.0 = Release|Any CPU
		{D963D88E-AA79-DCC1-4735-AB997FA128B7}.Debug|Any CPU.ActiveCfg = Debug|Any CPU
		{D963D88E-AA79-DCC1-4735-AB997FA128B7}.Debug|Any CPU.Build.0 = Debug|Any CPU
		{D963D88E-AA79-DCC1-4735-AB997FA128B7}.Release|Any CPU.ActiveCfg = Release|Any CPU
		{D963D88E-AA79-DCC1-4735-AB997FA128B7}.Release|Any CPU.Build.0 = Release|Any CPU
		{6F631281-A35B-08E1-AFBA-A5C0BDDAA268}.Debug|Any CPU.ActiveCfg = Debug|Any CPU
		{6F631281-A35B-08E1-AFBA-A5C0BDDAA268}.Debug|Any CPU.Build.0 = Debug|Any CPU
		{6F631281-A35B-08E1-AFBA-A5C0BDDAA268}.Release|Any CPU.ActiveCfg = Release|Any CPU
		{6F631281-A35B-08E1-AFBA-A5C0BDDAA268}.Release|Any CPU.Build.0 = Release|Any CPU
		{86635F17-2FD8-8C4F-AFCF-65A2EF741D0E}.Debug|Any CPU.ActiveCfg = Debug|Any CPU
		{86635F17-2FD8-8C4F-AFCF-65A2EF741D0E}.Debug|Any CPU.Build.0 = Debug|Any CPU
		{86635F17-2FD8-8C4F-AFCF-65A2EF741D0E}.Release|Any CPU.ActiveCfg = Release|Any CPU
		{86635F17-2FD8-8C4F-AFCF-65A2EF741D0E}.Release|Any CPU.Build.0 = Release|Any CPU
		{5D31BF01-80FE-F654-112F-AA4594C17265}.Debug|Any CPU.ActiveCfg = Debug|Any CPU
		{5D31BF01-80FE-F654-112F-AA4594C17265}.Debug|Any CPU.Build.0 = Debug|Any CPU
		{5D31BF01-80FE-F654-112F-AA4594C17265}.Release|Any CPU.ActiveCfg = Release|Any CPU
		{5D31BF01-80FE-F654-112F-AA4594C17265}.Release|Any CPU.Build.0 = Release|Any CPU
		{160F36AF-7E5A-9C3D-4DDA-D4C76EB991F6}.Debug|Any CPU.ActiveCfg = Debug|Any CPU
		{160F36AF-7E5A-9C3D-4DDA-D4C76EB991F6}.Debug|Any CPU.Build.0 = Debug|Any CPU
		{160F36AF-7E5A-9C3D-4DDA-D4C76EB991F6}.Release|Any CPU.ActiveCfg = Release|Any CPU
		{160F36AF-7E5A-9C3D-4DDA-D4C76EB991F6}.Release|Any CPU.Build.0 = Release|Any CPU
		{A5739B21-F538-131B-AB5D-FA4B9441E1CF}.Debug|Any CPU.ActiveCfg = Debug|Any CPU
		{A5739B21-F538-131B-AB5D-FA4B9441E1CF}.Debug|Any CPU.Build.0 = Debug|Any CPU
		{A5739B21-F538-131B-AB5D-FA4B9441E1CF}.Release|Any CPU.ActiveCfg = Release|Any CPU
		{A5739B21-F538-131B-AB5D-FA4B9441E1CF}.Release|Any CPU.Build.0 = Release|Any CPU
		{B3248692-BCEA-A02D-9749-1465B6198C95}.Debug|Any CPU.ActiveCfg = Debug|Any CPU
		{B3248692-BCEA-A02D-9749-1465B6198C95}.Debug|Any CPU.Build.0 = Debug|Any CPU
		{B3248692-BCEA-A02D-9749-1465B6198C95}.Release|Any CPU.ActiveCfg = Release|Any CPU
		{B3248692-BCEA-A02D-9749-1465B6198C95}.Release|Any CPU.Build.0 = Release|Any CPU
		{C1B9863B-B2A8-6A84-855C-CB82904FAD06}.Debug|Any CPU.ActiveCfg = Debug|Any CPU
		{C1B9863B-B2A8-6A84-855C-CB82904FAD06}.Debug|Any CPU.Build.0 = Debug|Any CPU
		{C1B9863B-B2A8-6A84-855C-CB82904FAD06}.Release|Any CPU.ActiveCfg = Release|Any CPU
		{C1B9863B-B2A8-6A84-855C-CB82904FAD06}.Release|Any CPU.Build.0 = Release|Any CPU
		{A173DBD0-D761-6CA1-4B5F-85C28DE73AF5}.Debug|Any CPU.ActiveCfg = Debug|Any CPU
		{A173DBD0-D761-6CA1-4B5F-85C28DE73AF5}.Debug|Any CPU.Build.0 = Debug|Any CPU
		{A173DBD0-D761-6CA1-4B5F-85C28DE73AF5}.Release|Any CPU.ActiveCfg = Release|Any CPU
		{A173DBD0-D761-6CA1-4B5F-85C28DE73AF5}.Release|Any CPU.Build.0 = Release|Any CPU
		{60BDDB41-60EF-7B5B-2808-8CDCEF8865CD}.Debug|Any CPU.ActiveCfg = Debug|Any CPU
		{60BDDB41-60EF-7B5B-2808-8CDCEF8865CD}.Debug|Any CPU.Build.0 = Debug|Any CPU
		{60BDDB41-60EF-7B5B-2808-8CDCEF8865CD}.Release|Any CPU.ActiveCfg = Release|Any CPU
		{60BDDB41-60EF-7B5B-2808-8CDCEF8865CD}.Release|Any CPU.Build.0 = Release|Any CPU
		{8E9CC5D6-B460-4312-DF50-9B728074EF29}.Debug|Any CPU.ActiveCfg = Debug|Any CPU
		{8E9CC5D6-B460-4312-DF50-9B728074EF29}.Debug|Any CPU.Build.0 = Debug|Any CPU
		{8E9CC5D6-B460-4312-DF50-9B728074EF29}.Release|Any CPU.ActiveCfg = Release|Any CPU
		{8E9CC5D6-B460-4312-DF50-9B728074EF29}.Release|Any CPU.Build.0 = Release|Any CPU
		{1DB9D5CB-DA5C-CCEB-5DB5-4B39E30AAA1C}.Debug|Any CPU.ActiveCfg = Debug|Any CPU
		{1DB9D5CB-DA5C-CCEB-5DB5-4B39E30AAA1C}.Debug|Any CPU.Build.0 = Debug|Any CPU
		{1DB9D5CB-DA5C-CCEB-5DB5-4B39E30AAA1C}.Release|Any CPU.ActiveCfg = Release|Any CPU
		{1DB9D5CB-DA5C-CCEB-5DB5-4B39E30AAA1C}.Release|Any CPU.Build.0 = Release|Any CPU
		{33C3DCDC-76CB-1FCD-751B-4E7E18D0E2DF}.Debug|Any CPU.ActiveCfg = Debug|Any CPU
		{33C3DCDC-76CB-1FCD-751B-4E7E18D0E2DF}.Debug|Any CPU.Build.0 = Debug|Any CPU
		{33C3DCDC-76CB-1FCD-751B-4E7E18D0E2DF}.Release|Any CPU.ActiveCfg = Release|Any CPU
		{33C3DCDC-76CB-1FCD-751B-4E7E18D0E2DF}.Release|Any CPU.Build.0 = Release|Any CPU
		{4E98ACEC-72A5-6666-AA4C-CF2364E4FB7D}.Debug|Any CPU.ActiveCfg = Debug|Any CPU
		{4E98ACEC-72A5-6666-AA4C-CF2364E4FB7D}.Debug|Any CPU.Build.0 = Debug|Any CPU
		{4E98ACEC-72A5-6666-AA4C-CF2364E4FB7D}.Release|Any CPU.ActiveCfg = Release|Any CPU
		{4E98ACEC-72A5-6666-AA4C-CF2364E4FB7D}.Release|Any CPU.Build.0 = Release|Any CPU
		{C42A7444-F403-FF38-F234-10BDFF26ED7B}.Debug|Any CPU.ActiveCfg = Debug|Any CPU
		{C42A7444-F403-FF38-F234-10BDFF26ED7B}.Debug|Any CPU.Build.0 = Debug|Any CPU
		{C42A7444-F403-FF38-F234-10BDFF26ED7B}.Release|Any CPU.ActiveCfg = Release|Any CPU
		{C42A7444-F403-FF38-F234-10BDFF26ED7B}.Release|Any CPU.Build.0 = Release|Any CPU
	EndGlobalSection
	GlobalSection(SolutionProperties) = preSolution
		HideSolutionNode = FALSE
	EndGlobalSection
EndGlobal
