
Microsoft Visual Studio Solution File, Format Version 11.00
# Visual Studio 2010
Project("{FAE04EC0-301F-11D3-BF4B-00C04F79EFBC}") = "UnityEngine.UI", "UnityEngine.UI.csproj", "{ff8527d1-008a-d49a-39ff-8369ade6a345}"
EndProject
Project("{FAE04EC0-301F-11D3-BF4B-00C04F79EFBC}") = "UnityEngine.TestRunner", "UnityEngine.TestRunner.csproj", "{aa33567f-44ff-7d49-9629-f9a7db2f14fb}"
EndProject
Project("{FAE04EC0-301F-11D3-BF4B-00C04F79EFBC}") = "Assembly-CSharp", "Assembly-CSharp.csproj", "{e189dac3-c670-6c7d-993e-c8f831d35880}"
EndProject
Project("{FAE04EC0-301F-11D3-BF4B-00C04F79EFBC}") = "Unity.Barracuda", "Unity.Barracuda.csproj", "{ddf62507-cc1c-6c54-b86d-07b5e9e518ff}"
EndProject
Project("{FAE04EC0-301F-11D3-BF4B-00C04F79EFBC}") = "Unity.TextMeshPro", "Unity.TextMeshPro.csproj", "{f2b5c60e-1802-7bae-3c70-1901b4b53ff9}"
EndProject
Project("{FAE04EC0-301F-11D3-BF4B-00C04F79EFBC}") = "Unity.Timeline", "Unity.Timeline.csproj", "{b2c01c86-28af-c10e-c899-d2e54499bd64}"
EndProject
Project("{FAE04EC0-301F-11D3-BF4B-00C04F79EFBC}") = "Unity.Mathematics", "Unity.Mathematics.csproj", "{3f001b95-1eb0-306e-ef3d-689334507645}"
EndProject
Project("{FAE04EC0-301F-11D3-BF4B-00C04F79EFBC}") = "Unity.ML-Agents", "Unity.ML-Agents.csproj", "{928669e8-2768-a7e0-0705-60be5e8a1205}"
EndProject
Project("{FAE04EC0-301F-11D3-BF4B-00C04F79EFBC}") = "Unity.ML-Agents.CommunicatorObjects", "Unity.ML-Agents.CommunicatorObjects.csproj", "{86319772-01a9-4e92-92f0-aa455563fe9e}"
EndProject
Project("{FAE04EC0-301F-11D3-BF4B-00C04F79EFBC}") = "Unity.Burst", "Unity.Burst.csproj", "{4142984d-5afc-28a4-acce-8f85b68bf8aa}"
EndProject
Project("{FAE04EC0-301F-11D3-BF4B-00C04F79EFBC}") = "Unity.Barracuda.MacBLAS", "Unity.Barracuda.MacBLAS.csproj", "{c891687d-7720-7774-ffaa-fcc3f7827f7d}"
EndProject
Project("{FAE04EC0-301F-11D3-BF4B-00C04F79EFBC}") = "Unity.Barracuda.BurstBLAS", "Unity.Barracuda.BurstBLAS.csproj", "{3ca1f12e-72b7-fa48-e543-01c02bd24b37}"
EndProject
Project("{FAE04EC0-301F-11D3-BF4B-00C04F79EFBC}") = "Unity.Barracuda.iOSBLAS", "Unity.Barracuda.iOSBLAS.csproj", "{0240d62a-481e-dc70-9c13-80830113c90e}"
EndProject
Project("{FAE04EC0-301F-11D3-BF4B-00C04F79EFBC}") = "Unity.TextMeshPro.Editor", "Unity.TextMeshPro.Editor.csproj", "{1487e892-8e22-68a7-ffba-96e0a1e94272}"
EndProject
Project("{FAE04EC0-301F-11D3-BF4B-00C04F79EFBC}") = "Unity.Timeline.Editor", "Unity.Timeline.Editor.csproj", "{06be3d68-b129-10f2-6de5-04fe67adc101}"
EndProject
Project("{FAE04EC0-301F-11D3-BF4B-00C04F79EFBC}") = "UnityEditor.TestRunner", "UnityEditor.TestRunner.csproj", "{ee63fa00-f366-a434-d434-a87722e49af8}"
EndProject
Project("{FAE04EC0-301F-11D3-BF4B-00C04F79EFBC}") = "UnityEditor.UI", "UnityEditor.UI.csproj", "{c69cdfb4-e234-2892-09e0-f3bd60e5c932}"
EndProject
Project("{FAE04EC0-301F-11D3-BF4B-00C04F79EFBC}") = "Unity.Rider.Editor", "Unity.Rider.Editor.csproj", "{0de76d01-e2b5-6b43-634d-7958d0d10654}"
EndProject
Project("{FAE04EC0-301F-11D3-BF4B-00C04F79EFBC}") = "Unity.ML-Agents.Editor", "Unity.ML-Agents.Editor.csproj", "{8a870a27-13a7-c9f9-37f6-44c438902a00}"
EndProject
Project("{FAE04EC0-301F-11D3-BF4B-00C04F79EFBC}") = "Unity.Barracuda.Editor", "Unity.Barracuda.Editor.csproj", "{e7908f2c-7c70-43e6-0356-420bcb0e73f2}"
EndProject
Project("{FAE04EC0-301F-11D3-BF4B-00C04F79EFBC}") = "Unity.CollabProxy.Editor", "Unity.CollabProxy.Editor.csproj", "{175f6386-d82f-4f8c-afcf-65a2ef741d0e}"
EndProject
Project("{FAE04EC0-301F-11D3-BF4B-00C04F79EFBC}") = "Unity.VSCode.Editor", "Unity.VSCode.Editor.csproj", "{3b86b9c1-a8b2-846a-855c-cb82904fad06}"
EndProject
Project("{FAE04EC0-301F-11D3-BF4B-00C04F79EFBC}") = "Unity.Burst.Editor", "Unity.Burst.Editor.csproj", "{d0db73a1-61d7-a16c-4b5f-85c28de73af5}"
EndProject
Project("{FAE04EC0-301F-11D3-BF4B-00C04F79EFBC}") = "Unity.Mathematics.Editor", "Unity.Mathematics.Editor.csproj", "{41dbbd60-ef60-5b7b-2808-8cdcef8865cd}"
EndProject
Project("{FAE04EC0-301F-11D3-BF4B-00C04F79EFBC}") = "Assembly-CSharp-Editor", "Assembly-CSharp-Editor.csproj", "{dcdcc333-cb76-cd1f-751b-4e7e18d0e2df}"
EndProject
Global
	GlobalSection(SolutionConfigurationPlatforms) = preSolution
		Debug|Any CPU = Debug|Any CPU
	EndGlobalSection
	GlobalSection(ProjectConfigurationPlatforms) = postSolution
		{ff8527d1-008a-d49a-39ff-8369ade6a345}.Debug|Any CPU.ActiveCfg = Debug|Any CPU
		{ff8527d1-008a-d49a-39ff-8369ade6a345}.Debug|Any CPU.Build.0 = Debug|Any CPU
		{aa33567f-44ff-7d49-9629-f9a7db2f14fb}.Debug|Any CPU.ActiveCfg = Debug|Any CPU
		{aa33567f-44ff-7d49-9629-f9a7db2f14fb}.Debug|Any CPU.Build.0 = Debug|Any CPU
		{e189dac3-c670-6c7d-993e-c8f831d35880}.Debug|Any CPU.ActiveCfg = Debug|Any CPU
		{e189dac3-c670-6c7d-993e-c8f831d35880}.Debug|Any CPU.Build.0 = Debug|Any CPU
		{ddf62507-cc1c-6c54-b86d-07b5e9e518ff}.Debug|Any CPU.ActiveCfg = Debug|Any CPU
		{ddf62507-cc1c-6c54-b86d-07b5e9e518ff}.Debug|Any CPU.Build.0 = Debug|Any CPU
		{f2b5c60e-1802-7bae-3c70-1901b4b53ff9}.Debug|Any CPU.ActiveCfg = Debug|Any CPU
		{f2b5c60e-1802-7bae-3c70-1901b4b53ff9}.Debug|Any CPU.Build.0 = Debug|Any CPU
		{b2c01c86-28af-c10e-c899-d2e54499bd64}.Debug|Any CPU.ActiveCfg = Debug|Any CPU
		{b2c01c86-28af-c10e-c899-d2e54499bd64}.Debug|Any CPU.Build.0 = Debug|Any CPU
		{3f001b95-1eb0-306e-ef3d-689334507645}.Debug|Any CPU.ActiveCfg = Debug|Any CPU
		{3f001b95-1eb0-306e-ef3d-689334507645}.Debug|Any CPU.Build.0 = Debug|Any CPU
		{928669e8-2768-a7e0-0705-60be5e8a1205}.Debug|Any CPU.ActiveCfg = Debug|Any CPU
		{928669e8-2768-a7e0-0705-60be5e8a1205}.Debug|Any CPU.Build.0 = Debug|Any CPU
		{86319772-01a9-4e92-92f0-aa455563fe9e}.Debug|Any CPU.ActiveCfg = Debug|Any CPU
		{86319772-01a9-4e92-92f0-aa455563fe9e}.Debug|Any CPU.Build.0 = Debug|Any CPU
		{4142984d-5afc-28a4-acce-8f85b68bf8aa}.Debug|Any CPU.ActiveCfg = Debug|Any CPU
		{4142984d-5afc-28a4-acce-8f85b68bf8aa}.Debug|Any CPU.Build.0 = Debug|Any CPU
		{c891687d-7720-7774-ffaa-fcc3f7827f7d}.Debug|Any CPU.ActiveCfg = Debug|Any CPU
		{c891687d-7720-7774-ffaa-fcc3f7827f7d}.Debug|Any CPU.Build.0 = Debug|Any CPU
		{3ca1f12e-72b7-fa48-e543-01c02bd24b37}.Debug|Any CPU.ActiveCfg = Debug|Any CPU
		{3ca1f12e-72b7-fa48-e543-01c02bd24b37}.Debug|Any CPU.Build.0 = Debug|Any CPU
		{0240d62a-481e-dc70-9c13-80830113c90e}.Debug|Any CPU.ActiveCfg = Debug|Any CPU
		{0240d62a-481e-dc70-9c13-80830113c90e}.Debug|Any CPU.Build.0 = Debug|Any CPU
		{1487e892-8e22-68a7-ffba-96e0a1e94272}.Debug|Any CPU.ActiveCfg = Debug|Any CPU
		{1487e892-8e22-68a7-ffba-96e0a1e94272}.Debug|Any CPU.Build.0 = Debug|Any CPU
		{06be3d68-b129-10f2-6de5-04fe67adc101}.Debug|Any CPU.ActiveCfg = Debug|Any CPU
		{06be3d68-b129-10f2-6de5-04fe67adc101}.Debug|Any CPU.Build.0 = Debug|Any CPU
		{ee63fa00-f366-a434-d434-a87722e49af8}.Debug|Any CPU.ActiveCfg = Debug|Any CPU
		{ee63fa00-f366-a434-d434-a87722e49af8}.Debug|Any CPU.Build.0 = Debug|Any CPU
		{c69cdfb4-e234-2892-09e0-f3bd60e5c932}.Debug|Any CPU.ActiveCfg = Debug|Any CPU
		{c69cdfb4-e234-2892-09e0-f3bd60e5c932}.Debug|Any CPU.Build.0 = Debug|Any CPU
		{0de76d01-e2b5-6b43-634d-7958d0d10654}.Debug|Any CPU.ActiveCfg = Debug|Any CPU
		{0de76d01-e2b5-6b43-634d-7958d0d10654}.Debug|Any CPU.Build.0 = Debug|Any CPU
		{8a870a27-13a7-c9f9-37f6-44c438902a00}.Debug|Any CPU.ActiveCfg = Debug|Any CPU
		{8a870a27-13a7-c9f9-37f6-44c438902a00}.Debug|Any CPU.Build.0 = Debug|Any CPU
		{e7908f2c-7c70-43e6-0356-420bcb0e73f2}.Debug|Any CPU.ActiveCfg = Debug|Any CPU
		{e7908f2c-7c70-43e6-0356-420bcb0e73f2}.Debug|Any CPU.Build.0 = Debug|Any CPU
		{175f6386-d82f-4f8c-afcf-65a2ef741d0e}.Debug|Any CPU.ActiveCfg = Debug|Any CPU
		{175f6386-d82f-4f8c-afcf-65a2ef741d0e}.Debug|Any CPU.Build.0 = Debug|Any CPU
		{3b86b9c1-a8b2-846a-855c-cb82904fad06}.Debug|Any CPU.ActiveCfg = Debug|Any CPU
		{3b86b9c1-a8b2-846a-855c-cb82904fad06}.Debug|Any CPU.Build.0 = Debug|Any CPU
		{d0db73a1-61d7-a16c-4b5f-85c28de73af5}.Debug|Any CPU.ActiveCfg = Debug|Any CPU
		{d0db73a1-61d7-a16c-4b5f-85c28de73af5}.Debug|Any CPU.Build.0 = Debug|Any CPU
		{41dbbd60-ef60-5b7b-2808-8cdcef8865cd}.Debug|Any CPU.ActiveCfg = Debug|Any CPU
		{41dbbd60-ef60-5b7b-2808-8cdcef8865cd}.Debug|Any CPU.Build.0 = Debug|Any CPU
		{dcdcc333-cb76-cd1f-751b-4e7e18d0e2df}.Debug|Any CPU.ActiveCfg = Debug|Any CPU
		{dcdcc333-cb76-cd1f-751b-4e7e18d0e2df}.Debug|Any CPU.Build.0 = Debug|Any CPU
	EndGlobalSection
	GlobalSection(SolutionProperties) = preSolution
		HideSolutionNode = FALSE
	EndGlobalSection
EndGlobal
