
Microsoft Visual Studio Solution File, Format Version 11.00
# Visual Studio 2010
Project("{FAE04EC0-301F-11D3-BF4B-00C04F79EFBC}") = "Assembly-CSharp", "Assembly-CSharp.csproj", "{C3DA89E1-70C6-7D6C-993E-C8F831D35880}"
EndProject
Project("{FAE04EC0-301F-11D3-BF4B-00C04F79EFBC}") = "KartGame", "KartGame.csproj", "{00E56C61-330C-3DFB-1F25-48D937CC64A2}"
EndProject
Project("{FAE04EC0-301F-11D3-BF4B-00C04F79EFBC}") = "MLAgentsToolKit", "MLAgentsToolKit.csproj", "{CC17C02A-DBE0-00EE-4240-4DCD0F7A94BA}"
EndProject
Project("{FAE04EC0-301F-11D3-BF4B-00C04F79EFBC}") = "KartGame.AI", "KartGame.AI.csproj", "{8EB73282-65E4-4223-1A54-57B4D842F8BC}"
EndProject
Project("{FAE04EC0-301F-11D3-BF4B-00C04F79EFBC}") = "MLAgentsToolKit.Editor", "MLAgentsToolKit.Editor.csproj", "{FC83043E-470A-D240-A039-87336B58B2C4}"
EndProject
Project("{FAE04EC0-301F-11D3-BF4B-00C04F79EFBC}") = "KartGame.Editor", "KartGame.Editor.csproj", "{2AD72057-A047-CE10-4F03-B7738DFADE00}"
EndProject
Project("{FAE04EC0-301F-11D3-BF4B-00C04F79EFBC}") = "Assembly-CSharp-Editor", "Assembly-CSharp-Editor.csproj", "{33C3DCDC-76CB-1FCD-751B-4E7E18D0E2DF}"
EndProject
Project("{FAE04EC0-301F-11D3-BF4B-00C04F79EFBC}") = "KartGame.AI.Editor", "KartGame.AI.Editor.csproj", "{C42A7444-F403-FF38-F234-10BDFF26ED7B}"
EndProject
Global
	GlobalSection(SolutionConfigurationPlatforms) = preSolution
		Debug|Any CPU = Debug|Any CPU
		Release|Any CPU = Release|Any CPU
	EndGlobalSection
	GlobalSection(ProjectConfigurationPlatforms) = postSolution
		{C3DA89E1-70C6-7D6C-993E-C8F831D35880}.Debug|Any CPU.ActiveCfg = Debug|Any CPU
		{C3DA89E1-70C6-7D6C-993E-C8F831D35880}.Debug|Any CPU.Build.0 = Debug|Any CPU
		{C3DA89E1-70C6-7D6C-993E-C8F831D35880}.Release|Any CPU.ActiveCfg = Release|Any CPU
		{C3DA89E1-70C6-7D6C-993E-C8F831D35880}.Release|Any CPU.Build.0 = Release|Any CPU
		{00E56C61-330C-3DFB-1F25-48D937CC64A2}.Debug|Any CPU.ActiveCfg = Debug|Any CPU
		{00E56C61-330C-3DFB-1F25-48D937CC64A2}.Debug|Any CPU.Build.0 = Debug|Any CPU
		{00E56C61-330C-3DFB-1F25-48D937CC64A2}.Release|Any CPU.ActiveCfg = Release|Any CPU
		{00E56C61-330C-3DFB-1F25-48D937CC64A2}.Release|Any CPU.Build.0 = Release|Any CPU
		{CC17C02A-DBE0-00EE-4240-4DCD0F7A94BA}.Debug|Any CPU.ActiveCfg = Debug|Any CPU
		{CC17C02A-DBE0-00EE-4240-4DCD0F7A94BA}.Debug|Any CPU.Build.0 = Debug|Any CPU
		{CC17C02A-DBE0-00EE-4240-4DCD0F7A94BA}.Release|Any CPU.ActiveCfg = Release|Any CPU
		{CC17C02A-DBE0-00EE-4240-4DCD0F7A94BA}.Release|Any CPU.Build.0 = Release|Any CPU
		{8EB73282-65E4-4223-1A54-57B4D842F8BC}.Debug|Any CPU.ActiveCfg = Debug|Any CPU
		{8EB73282-65E4-4223-1A54-57B4D842F8BC}.Debug|Any CPU.Build.0 = Debug|Any CPU
		{8EB73282-65E4-4223-1A54-57B4D842F8BC}.Release|Any CPU.ActiveCfg = Release|Any CPU
		{8EB73282-65E4-4223-1A54-57B4D842F8BC}.Release|Any CPU.Build.0 = Release|Any CPU
		{FC83043E-470A-D240-A039-87336B58B2C4}.Debug|Any CPU.ActiveCfg = Debug|Any CPU
		{FC83043E-470A-D240-A039-87336B58B2C4}.Debug|Any CPU.Build.0 = Debug|Any CPU
		{FC83043E-470A-D240-A039-87336B58B2C4}.Release|Any CPU.ActiveCfg = Release|Any CPU
		{FC83043E-470A-D240-A039-87336B58B2C4}.Release|Any CPU.Build.0 = Release|Any CPU
		{2AD72057-A047-CE10-4F03-B7738DFADE00}.Debug|Any CPU.ActiveCfg = Debug|Any CPU
		{2AD72057-A047-CE10-4F03-B7738DFADE00}.Debug|Any CPU.Build.0 = Debug|Any CPU
		{2AD72057-A047-CE10-4F03-B7738DFADE00}.Release|Any CPU.ActiveCfg = Release|Any CPU
		{2AD72057-A047-CE10-4F03-B7738DFADE00}.Release|Any CPU.Build.0 = Release|Any CPU
		{33C3DCDC-76CB-1FCD-751B-4E7E18D0E2DF}.Debug|Any CPU.ActiveCfg = Debug|Any CPU
		{33C3DCDC-76CB-1FCD-751B-4E7E18D0E2DF}.Debug|Any CPU.Build.0 = Debug|Any CPU
		{33C3DCDC-76CB-1FCD-751B-4E7E18D0E2DF}.Release|Any CPU.ActiveCfg = Release|Any CPU
		{33C3DCDC-76CB-1FCD-751B-4E7E18D0E2DF}.Release|Any CPU.Build.0 = Release|Any CPU
		{C42A7444-F403-FF38-F234-10BDFF26ED7B}.Debug|Any CPU.ActiveCfg = Debug|Any CPU
		{C42A7444-F403-FF38-F234-10BDFF26ED7B}.Debug|Any CPU.Build.0 = Debug|Any CPU
		{C42A7444-F403-FF38-F234-10BDFF26ED7B}.Release|Any CPU.ActiveCfg = Release|Any CPU
		{C42A7444-F403-FF38-F234-10BDFF26ED7B}.Release|Any CPU.Build.0 = Release|Any CPU
	EndGlobalSection
	GlobalSection(SolutionProperties) = preSolution
		HideSolutionNode = FALSE
	EndGlobalSection
EndGlobal
