
Microsoft Visual Studio Solution File, Format Version 11.00
# Visual Studio 2010
Project("{FAE04EC0-301F-11D3-BF4B-00C04F79EFBC}") = "Assembly-CSharp", "Assembly-CSharp.csproj", "{7F4662DA-AE5A-7878-D94A-23E011777776}"
EndProject
Project("{FAE04EC0-301F-11D3-BF4B-00C04F79EFBC}") = "Assembly-CSharp-firstpass", "Assembly-CSharp-firstpass.csproj", "{DBE5374E-85E2-DCAD-E7E8-0157D7F6F947}"
EndProject
Project("{FAE04EC0-301F-11D3-BF4B-00C04F79EFBC}") = "Assembly-CSharp-Editor-firstpass", "Assembly-CSharp-Editor-firstpass.csproj", "{0660E4BF-AA4B-C4D4-DEBC-4638A4FEAE70}"
EndProject
Global
	GlobalSection(SolutionConfigurationPlatforms) = preSolution
		Debug|Any CPU = Debug|Any CPU
		Release|Any CPU = Release|Any CPU
	EndGlobalSection
	GlobalSection(ProjectConfigurationPlatforms) = postSolution
		{7F4662DA-AE5A-7878-D94A-23E011777776}.Debug|Any CPU.ActiveCfg = Debug|Any CPU
		{7F4662DA-AE5A-7878-D94A-23E011777776}.Debug|Any CPU.Build.0 = Debug|Any CPU
		{7F4662DA-AE5A-7878-D94A-23E011777776}.Release|Any CPU.ActiveCfg = Release|Any CPU
		{7F4662DA-AE5A-7878-D94A-23E011777776}.Release|Any CPU.Build.0 = Release|Any CPU
		{DBE5374E-85E2-DCAD-E7E8-0157D7F6F947}.Debug|Any CPU.ActiveCfg = Debug|Any CPU
		{DBE5374E-85E2-DCAD-E7E8-0157D7F6F947}.Debug|Any CPU.Build.0 = Debug|Any CPU
		{DBE5374E-85E2-DCAD-E7E8-0157D7F6F947}.Release|Any CPU.ActiveCfg = Release|Any CPU
		{DBE5374E-85E2-DCAD-E7E8-0157D7F6F947}.Release|Any CPU.Build.0 = Release|Any CPU
		{0660E4BF-AA4B-C4D4-DEBC-4638A4FEAE70}.Debug|Any CPU.ActiveCfg = Debug|Any CPU
		{0660E4BF-AA4B-C4D4-DEBC-4638A4FEAE70}.Debug|Any CPU.Build.0 = Debug|Any CPU
		{0660E4BF-AA4B-C4D4-DEBC-4638A4FEAE70}.Release|Any CPU.ActiveCfg = Release|Any CPU
		{0660E4BF-AA4B-C4D4-DEBC-4638A4FEAE70}.Release|Any CPU.Build.0 = Release|Any CPU
	EndGlobalSection
	GlobalSection(SolutionProperties) = preSolution
		HideSolutionNode = FALSE
	EndGlobalSection
	GlobalSection(MonoDevelopProperties) = preSolution
		StartupItem = Assembly-CSharp.csproj
	EndGlobalSection
EndGlobal
